// !$*UTF8*$!
{
	archiveVersion = 1;
	classes = {
	};
	objectVersion = 46;
	objects = {

/* Begin PBXBuildFile section */
		9A746E6B18CFC3540009C949 /* NetSandbox.m in Sources */ = {isa = PBXBuildFile; fileRef = 9A746E6A18CFC3540009C949 /* NetSandbox.m */; };
		9A746E6E18CFC8320009C949 /* iPad.storyboard in Resources */ = {isa = PBXBuildFile; fileRef = 9A746E6C18CFC8320009C949 /* iPad.storyboard */; };
		9A8982801898EB9D00970C8B /* Foundation.framework in Frameworks */ = {isa = PBXBuildFile; fileRef = 9A89827F1898EB9D00970C8B /* Foundation.framework */; };
		9A8982821898EB9D00970C8B /* CoreGraphics.framework in Frameworks */ = {isa = PBXBuildFile; fileRef = 9A8982811898EB9D00970C8B /* CoreGraphics.framework */; };
		9A8982841898EB9D00970C8B /* UIKit.framework in Frameworks */ = {isa = PBXBuildFile; fileRef = 9A8982831898EB9D00970C8B /* UIKit.framework */; };
		9A89828A1898EB9D00970C8B /* InfoPlist.strings in Resources */ = {isa = PBXBuildFile; fileRef = 9A8982881898EB9D00970C8B /* InfoPlist.strings */; };
		9A89828C1898EB9D00970C8B /* main.m in Sources */ = {isa = PBXBuildFile; fileRef = 9A89828B1898EB9D00970C8B /* main.m */; };
		9A8982901898EB9D00970C8B /* AppDelegate.m in Sources */ = {isa = PBXBuildFile; fileRef = 9A89828F1898EB9D00970C8B /* AppDelegate.m */; };
		9A8982931898EB9D00970C8B /* iPhone.storyboard in Resources */ = {isa = PBXBuildFile; fileRef = 9A8982911898EB9D00970C8B /* iPhone.storyboard */; };
		9A8982961898EB9D00970C8B /* ViewController.m in Sources */ = {isa = PBXBuildFile; fileRef = 9A8982951898EB9D00970C8B /* ViewController.m */; };
		9A8982981898EB9D00970C8B /* Images.xcassets in Resources */ = {isa = PBXBuildFile; fileRef = 9A8982971898EB9D00970C8B /* Images.xcassets */; };
		9A8982B81899169600970C8B /* NetworkEntitlements.plist in Resources */ = {isa = PBXBuildFile; fileRef = 9A8982B71899169600970C8B /* NetworkEntitlements.plist */; };
/* End PBXBuildFile section */

/* Begin PBXFileReference section */
		9A746E6918CFC3540009C949 /* NetSandbox.h */ = {isa = PBXFileReference; fileEncoding = 4; lastKnownFileType = sourcecode.c.h; path = NetSandbox.h; sourceTree = "<group>"; };
		9A746E6A18CFC3540009C949 /* NetSandbox.m */ = {isa = PBXFileReference; fileEncoding = 4; lastKnownFileType = sourcecode.c.objc; path = NetSandbox.m; sourceTree = "<group>"; };
		9A746E6D18CFC8320009C949 /* Base */ = {isa = PBXFileReference; lastKnownFileType = file.storyboard; name = Base; path = Base.lproj/iPad.storyboard; sourceTree = "<group>"; };
		9A89827C1898EB9D00970C8B /* Sandbox sample.app */ = {isa = PBXFileReference; explicitFileType = wrapper.application; includeInIndex = 0; path = "Sandbox sample.app"; sourceTree = BUILT_PRODUCTS_DIR; };
		9A89827F1898EB9D00970C8B /* Foundation.framework */ = {isa = PBXFileReference; lastKnownFileType = wrapper.framework; name = Foundation.framework; path = System/Library/Frameworks/Foundation.framework; sourceTree = SDKROOT; };
		9A8982811898EB9D00970C8B /* CoreGraphics.framework */ = {isa = PBXFileReference; lastKnownFileType = wrapper.framework; name = CoreGraphics.framework; path = System/Library/Frameworks/CoreGraphics.framework; sourceTree = SDKROOT; };
		9A8982831898EB9D00970C8B /* UIKit.framework */ = {isa = PBXFileReference; lastKnownFileType = wrapper.framework; name = UIKit.framework; path = System/Library/Frameworks/UIKit.framework; sourceTree = SDKROOT; };
		9A8982871898EB9D00970C8B /* Sandbox sample-Info.plist */ = {isa = PBXFileReference; lastKnownFileType = text.plist.xml; path = "Sandbox sample-Info.plist"; sourceTree = "<group>"; };
		9A8982891898EB9D00970C8B /* en */ = {isa = PBXFileReference; lastKnownFileType = text.plist.strings; name = en; path = en.lproj/InfoPlist.strings; sourceTree = "<group>"; };
		9A89828B1898EB9D00970C8B /* main.m */ = {isa = PBXFileReference; lastKnownFileType = sourcecode.c.objc; path = main.m; sourceTree = "<group>"; };
		9A89828D1898EB9D00970C8B /* Sandbox sample-Prefix.pch */ = {isa = PBXFileReference; lastKnownFileType = sourcecode.c.h; path = "Sandbox sample-Prefix.pch"; sourceTree = "<group>"; };
		9A89828E1898EB9D00970C8B /* AppDelegate.h */ = {isa = PBXFileReference; lastKnownFileType = sourcecode.c.h; path = AppDelegate.h; sourceTree = "<group>"; };
		9A89828F1898EB9D00970C8B /* AppDelegate.m */ = {isa = PBXFileReference; lastKnownFileType = sourcecode.c.objc; path = AppDelegate.m; sourceTree = "<group>"; };
		9A8982921898EB9D00970C8B /* Base */ = {isa = PBXFileReference; lastKnownFileType = file.storyboard; name = Base; path = Base.lproj/iPhone.storyboard; sourceTree = "<group>"; };
		9A8982941898EB9D00970C8B /* ViewController.h */ = {isa = PBXFileReference; lastKnownFileType = sourcecode.c.h; path = ViewController.h; sourceTree = "<group>"; };
		9A8982951898EB9D00970C8B /* ViewController.m */ = {isa = PBXFileReference; lastKnownFileType = sourcecode.c.objc; path = ViewController.m; sourceTree = "<group>"; };
		9A8982971898EB9D00970C8B /* Images.xcassets */ = {isa = PBXFileReference; lastKnownFileType = folder.assetcatalog; path = Images.xcassets; sourceTree = "<group>"; };
		9A89829E1898EB9D00970C8B /* XCTest.framework */ = {isa = PBXFileReference; lastKnownFileType = wrapper.framework; name = XCTest.framework; path = Library/Frameworks/XCTest.framework; sourceTree = DEVELOPER_DIR; };
		9A8982B71899169600970C8B /* NetworkEntitlements.plist */ = {isa = PBXFileReference; fileEncoding = 4; lastKnownFileType = text.plist.xml; path = NetworkEntitlements.plist; sourceTree = "<group>"; };
/* End PBXFileReference section */

/* Begin PBXFrameworksBuildPhase section */
		9A8982791898EB9D00970C8B /* Frameworks */ = {
			isa = PBXFrameworksBuildPhase;
			buildActionMask = 2147483647;
			files = (
				9A8982821898EB9D00970C8B /* CoreGraphics.framework in Frameworks */,
				9A8982841898EB9D00970C8B /* UIKit.framework in Frameworks */,
				9A8982801898EB9D00970C8B /* Foundation.framework in Frameworks */,
			);
			runOnlyForDeploymentPostprocessing = 0;
		};
/* End PBXFrameworksBuildPhase section */

/* Begin PBXGroup section */
		9A8982731898EB9D00970C8B = {
			isa = PBXGroup;
			children = (
				9A8982851898EB9D00970C8B /* Sandbox sample */,
				9A89827E1898EB9D00970C8B /* Frameworks */,
				9A89827D1898EB9D00970C8B /* Products */,
			);
			sourceTree = "<group>";
		};
		9A89827D1898EB9D00970C8B /* Products */ = {
			isa = PBXGroup;
			children = (
				9A89827C1898EB9D00970C8B /* Sandbox sample.app */,
			);
			name = Products;
			sourceTree = "<group>";
		};
		9A89827E1898EB9D00970C8B /* Frameworks */ = {
			isa = PBXGroup;
			children = (
				9A89827F1898EB9D00970C8B /* Foundation.framework */,
				9A8982811898EB9D00970C8B /* CoreGraphics.framework */,
				9A8982831898EB9D00970C8B /* UIKit.framework */,
				9A89829E1898EB9D00970C8B /* XCTest.framework */,
			);
			name = Frameworks;
			sourceTree = "<group>";
		};
		9A8982851898EB9D00970C8B /* Sandbox sample */ = {
			isa = PBXGroup;
			children = (
				9A89828E1898EB9D00970C8B /* AppDelegate.h */,
				9A746E6918CFC3540009C949 /* NetSandbox.h */,
				9A746E6A18CFC3540009C949 /* NetSandbox.m */,
				9A89828F1898EB9D00970C8B /* AppDelegate.m */,
				9A8982911898EB9D00970C8B /* iPhone.storyboard */,
				9A746E6C18CFC8320009C949 /* iPad.storyboard */,
				9A8982941898EB9D00970C8B /* ViewController.h */,
				9A8982951898EB9D00970C8B /* ViewController.m */,
				9A8982971898EB9D00970C8B /* Images.xcassets */,
				9A8982861898EB9D00970C8B /* Supporting Files */,
			);
			path = "Sandbox sample";
			sourceTree = "<group>";
		};
		9A8982861898EB9D00970C8B /* Supporting Files */ = {
			isa = PBXGroup;
			children = (
				9A8982B71899169600970C8B /* NetworkEntitlements.plist */,
				9A8982871898EB9D00970C8B /* Sandbox sample-Info.plist */,
				9A8982881898EB9D00970C8B /* InfoPlist.strings */,
				9A89828B1898EB9D00970C8B /* main.m */,
				9A89828D1898EB9D00970C8B /* Sandbox sample-Prefix.pch */,
			);
			name = "Supporting Files";
			sourceTree = "<group>";
		};
/* End PBXGroup section */

/* Begin PBXNativeTarget section */
		9A89827B1898EB9D00970C8B /* Sandbox sample */ = {
			isa = PBXNativeTarget;
			buildConfigurationList = 9A8982AE1898EB9E00970C8B /* Build configuration list for PBXNativeTarget "Sandbox sample" */;
			buildPhases = (
				9A8982781898EB9D00970C8B /* Sources */,
				9A8982791898EB9D00970C8B /* Frameworks */,
				9A89827A1898EB9D00970C8B /* Resources */,
			);
			buildRules = (
			);
			dependencies = (
			);
			name = "Sandbox sample";
			productName = "Sandbox sample";
			productReference = 9A89827C1898EB9D00970C8B /* Sandbox sample.app */;
			productType = "com.apple.product-type.application";
		};
/* End PBXNativeTarget section */

/* Begin PBXProject section */
		9A8982741898EB9D00970C8B /* Project object */ = {
			isa = PBXProject;
			attributes = {
				LastUpgradeCheck = 0510;
				ORGANIZATIONNAME = "Sight & Sound s.p.";
				TargetAttributes = {
					9A89827B1898EB9D00970C8B = {
						DevelopmentTeam = L7DB8MDJK9;
					};
				};
			};
			buildConfigurationList = 9A8982771898EB9D00970C8B /* Build configuration list for PBXProject "Sandbox sample" */;
			compatibilityVersion = "Xcode 3.2";
			developmentRegion = English;
			hasScannedForEncodings = 0;
			knownRegions = (
				en,
				Base,
			);
			mainGroup = 9A8982731898EB9D00970C8B;
			productRefGroup = 9A89827D1898EB9D00970C8B /* Products */;
			projectDirPath = "";
			projectRoot = "";
			targets = (
				9A89827B1898EB9D00970C8B /* Sandbox sample */,
			);
		};
/* End PBXProject section */

/* Begin PBXResourcesBuildPhase section */
		9A89827A1898EB9D00970C8B /* Resources */ = {
			isa = PBXResourcesBuildPhase;
			buildActionMask = 2147483647;
			files = (
				9A8982981898EB9D00970C8B /* Images.xcassets in Resources */,
				9A89828A1898EB9D00970C8B /* InfoPlist.strings in Resources */,
				9A8982B81899169600970C8B /* NetworkEntitlements.plist in Resources */,
				9A746E6E18CFC8320009C949 /* iPad.storyboard in Resources */,
				9A8982931898EB9D00970C8B /* iPhone.storyboard in Resources */,
			);
			runOnlyForDeploymentPostprocessing = 0;
		};
/* End PBXResourcesBuildPhase section */

/* Begin PBXSourcesBuildPhase section */
		9A8982781898EB9D00970C8B /* Sources */ = {
			isa = PBXSourcesBuildPhase;
			buildActionMask = 2147483647;
			files = (
				9A8982961898EB9D00970C8B /* ViewController.m in Sources */,
				9A746E6B18CFC3540009C949 /* NetSandbox.m in Sources */,
				9A8982901898EB9D00970C8B /* AppDelegate.m in Sources */,
				9A89828C1898EB9D00970C8B /* main.m in Sources */,
			);
			runOnlyForDeploymentPostprocessing = 0;
		};
/* End PBXSourcesBuildPhase section */

/* Begin PBXVariantGroup section */
		9A746E6C18CFC8320009C949 /* iPad.storyboard */ = {
			isa = PBXVariantGroup;
			children = (
				9A746E6D18CFC8320009C949 /* Base */,
			);
			name = iPad.storyboard;
			sourceTree = "<group>";
		};
		9A8982881898EB9D00970C8B /* InfoPlist.strings */ = {
			isa = PBXVariantGroup;
			children = (
				9A8982891898EB9D00970C8B /* en */,
			);
			name = InfoPlist.strings;
			sourceTree = "<group>";
		};
		9A8982911898EB9D00970C8B /* iPhone.storyboard */ = {
			isa = PBXVariantGroup;
			children = (
				9A8982921898EB9D00970C8B /* Base */,
			);
			name = iPhone.storyboard;
			sourceTree = "<group>";
		};
/* End PBXVariantGroup section */

/* Begin XCBuildConfiguration section */
		9A8982AC1898EB9E00970C8B /* Debug */ = {
			isa = XCBuildConfiguration;
			buildSettings = {
				ALWAYS_SEARCH_USER_PATHS = NO;
				CLANG_CXX_LANGUAGE_STANDARD = "gnu++0x";
				CLANG_CXX_LIBRARY = "libc++";
				CLANG_ENABLE_MODULES = YES;
				CLANG_ENABLE_OBJC_ARC = YES;
				CLANG_WARN_BOOL_CONVERSION = YES;
				CLANG_WARN_CONSTANT_CONVERSION = YES;
				CLANG_WARN_DIRECT_OBJC_ISA_USAGE = YES_ERROR;
				CLANG_WARN_EMPTY_BODY = YES;
				CLANG_WARN_ENUM_CONVERSION = YES;
				CLANG_WARN_INT_CONVERSION = YES;
				CLANG_WARN_OBJC_ROOT_CLASS = YES_ERROR;
				CLANG_WARN__DUPLICATE_METHOD_MATCH = YES;
				"CODE_SIGN_IDENTITY[sdk=iphoneos*]" = "iPhone Developer";
				COPY_PHASE_STRIP = NO;
				GCC_C_LANGUAGE_STANDARD = gnu99;
				GCC_DYNAMIC_NO_PIC = NO;
				GCC_OPTIMIZATION_LEVEL = 0;
				GCC_PREPROCESSOR_DEFINITIONS = (
					"DEBUG=1",
					"$(inherited)",
				);
				GCC_SYMBOLS_PRIVATE_EXTERN = NO;
				GCC_WARN_64_TO_32_BIT_CONVERSION = YES;
				GCC_WARN_ABOUT_RETURN_TYPE = YES_ERROR;
				GCC_WARN_UNDECLARED_SELECTOR = YES;
				GCC_WARN_UNINITIALIZED_AUTOS = YES;
				GCC_WARN_UNUSED_FUNCTION = YES;
				GCC_WARN_UNUSED_VARIABLE = YES;
				IPHONEOS_DEPLOYMENT_TARGET = 7.0;
				ONLY_ACTIVE_ARCH = YES;
				SDKROOT = iphoneos;
				TARGETED_DEVICE_FAMILY = "1,2";
			};
			name = Debug;
		};
		9A8982AD1898EB9E00970C8B /* Release */ = {
			isa = XCBuildConfiguration;
			buildSettings = {
				ALWAYS_SEARCH_USER_PATHS = NO;
				CLANG_CXX_LANGUAGE_STANDARD = "gnu++0x";
				CLANG_CXX_LIBRARY = "libc++";
				CLANG_ENABLE_MODULES = YES;
				CLANG_ENABLE_OBJC_ARC = YES;
				CLANG_WARN_BOOL_CONVERSION = YES;
				CLANG_WARN_CONSTANT_CONVERSION = YES;
				CLANG_WARN_DIRECT_OBJC_ISA_USAGE = YES_ERROR;
				CLANG_WARN_EMPTY_BODY = YES;
				CLANG_WARN_ENUM_CONVERSION = YES;
				CLANG_WARN_INT_CONVERSION = YES;
				CLANG_WARN_OBJC_ROOT_CLASS = YES_ERROR;
				CLANG_WARN__DUPLICATE_METHOD_MATCH = YES;
				"CODE_SIGN_IDENTITY[sdk=iphoneos*]" = "iPhone Developer";
				COPY_PHASE_STRIP = YES;
				ENABLE_NS_ASSERTIONS = NO;
				GCC_C_LANGUAGE_STANDARD = gnu99;
				GCC_WARN_64_TO_32_BIT_CONVERSION = YES;
				GCC_WARN_ABOUT_RETURN_TYPE = YES_ERROR;
				GCC_WARN_UNDECLARED_SELECTOR = YES;
				GCC_WARN_UNINITIALIZED_AUTOS = YES;
				GCC_WARN_UNUSED_FUNCTION = YES;
				GCC_WARN_UNUSED_VARIABLE = YES;
				IPHONEOS_DEPLOYMENT_TARGET = 7.0;
				SDKROOT = iphoneos;
				TARGETED_DEVICE_FAMILY = "1,2";
				VALIDATE_PRODUCT = YES;
			};
			name = Release;
		};
		9A8982AF1898EB9E00970C8B /* Debug */ = {
			isa = XCBuildConfiguration;
			buildSettings = {
				ASSETCATALOG_COMPILER_APPICON_NAME = AppIcon;
				ASSETCATALOG_COMPILER_LAUNCHIMAGE_NAME = LaunchImage;
				CODE_SIGN_IDENTITY = "iPhone Developer";
				"CODE_SIGN_IDENTITY[sdk=iphoneos*]" = "iPhone Developer";
				GCC_PRECOMPILE_PREFIX_HEADER = YES;
				GCC_PREFIX_HEADER = "Sandbox sample/Sandbox sample-Prefix.pch";
				INFOPLIST_FILE = "Sandbox sample/Sandbox sample-Info.plist";
				IPHONEOS_DEPLOYMENT_TARGET = 7.0;
				PRODUCT_NAME = "$(TARGET_NAME)";
				PROVISIONING_PROFILE = "";
				TARGETED_DEVICE_FAMILY = "1,2";
				WRAPPER_EXTENSION = app;
			};
			name = Debug;
		};
		9A8982B01898EB9E00970C8B /* Release */ = {
			isa = XCBuildConfiguration;
			buildSettings = {
				ASSETCATALOG_COMPILER_APPICON_NAME = AppIcon;
				ASSETCATALOG_COMPILER_LAUNCHIMAGE_NAME = LaunchImage;
				CODE_SIGN_IDENTITY = "iPhone Developer";
				"CODE_SIGN_IDENTITY[sdk=iphoneos*]" = "iPhone Developer";
				GCC_PRECOMPILE_PREFIX_HEADER = YES;
				GCC_PREFIX_HEADER = "Sandbox sample/Sandbox sample-Prefix.pch";
				INFOPLIST_FILE = "Sandbox sample/Sandbox sample-Info.plist";
				IPHONEOS_DEPLOYMENT_TARGET = 7.0;
				PRODUCT_NAME = "$(TARGET_NAME)";
				PROVISIONING_PROFILE = "";
				TARGETED_DEVICE_FAMILY = "1,2";
				WRAPPER_EXTENSION = app;
			};
			name = Release;
		};
/* End XCBuildConfiguration section */

/* Begin XCConfigurationList section */
		9A8982771898EB9D00970C8B /* Build configuration list for PBXProject "Sandbox sample" */ = {
			isa = XCConfigurationList;
			buildConfigurations = (
				9A8982AC1898EB9E00970C8B /* Debug */,
				9A8982AD1898EB9E00970C8B /* Release */,
			);
			defaultConfigurationIsVisible = 0;
			defaultConfigurationName = Release;
		};
		9A8982AE1898EB9E00970C8B /* Build configuration list for PBXNativeTarget "Sandbox sample" */ = {
			isa = XCConfigurationList;
			buildConfigurations = (
				9A8982AF1898EB9E00970C8B /* Debug */,
				9A8982B01898EB9E00970C8B /* Release */,
			);
			defaultConfigurationIsVisible = 0;
			defaultConfigurationName = Release;
		};
/* End XCConfigurationList section */
	};
	rootObject = 9A8982741898EB9D00970C8B /* Project object */;
}
